
Microsoft Visual Studio Solution File, Format Version 12.00
# Visual Studio 15
Project("{FAE04EC0-301F-11D3-BF4B-00C04F79EFBC}") = "Assembly-CSharp", "Assembly-CSharp.csproj", "{47077CF2-22E5-EF97-D2D2-8A2C04B665BC}"
EndProject
Global
	GlobalSection(SolutionConfigurationPlatforms) = preSolution
		Debug|Any CPU = Debug|Any CPU
		Release|Any CPU = Release|Any CPU
	EndGlobalSection
	GlobalSection(ProjectConfigurationPlatforms) = postSolution
		{47077CF2-22E5-EF97-D2D2-8A2C04B665BC}.Debug|Any CPU.ActiveCfg = Debug|Any CPU
		{47077CF2-22E5-EF97-D2D2-8A2C04B665BC}.Debug|Any CPU.Build.0 = Debug|Any CPU
		{47077CF2-22E5-EF97-D2D2-8A2C04B665BC}.Release|Any CPU.ActiveCfg = Release|Any CPU
		{47077CF2-22E5-EF97-D2D2-8A2C04B665BC}.Release|Any CPU.Build.0 = Release|Any CPU
	EndGlobalSection
	GlobalSection(SolutionProperties) = preSolution
		HideSolutionNode = FALSE
	EndGlobalSection
EndGlobal
